Microsoft Visual Studio Solution File, Format Version 12.00
# Visual Studio Version 17
VisualStudioVersion = 17.5.2.0
MinimumVisualStudioVersion = 10.0.40219.1
Project("{FAE04EC0-301F-11D3-BF4B-00C04F79EFBC}") = "SistemaStock", "SistemaStock\SistemaStock.csproj", "{5E109357-2DEE-888F-F155-EC4385879B0E}"
EndProject
Global
	GlobalSection(SolutionConfigurationPlatforms) = preSolution
		Debug|Any CPU = Debug|Any CPU
		Release|Any CPU = Release|Any CPU
	EndGlobalSection
	GlobalSection(ProjectConfigurationPlatforms) = postSolution
		{5E109357-2DEE-888F-F155-EC4385879B0E}.Debug|Any CPU.ActiveCfg = Debug|Any CPU
		{5E109357-2DEE-888F-F155-EC4385879B0E}.Debug|Any CPU.Build.0 = Debug|Any CPU
		{5E109357-2DEE-888F-F155-EC4385879B0E}.Release|Any CPU.ActiveCfg = Release|Any CPU
		{5E109357-2DEE-888F-F155-EC4385879B0E}.Release|Any CPU.Build.0 = Release|Any CPU
	EndGlobalSection
	GlobalSection(SolutionProperties) = preSolution
		HideSolutionNode = FALSE
	EndGlobalSection
	GlobalSection(ExtensibilityGlobals) = postSolution
		SolutionGuid = {37BA0D23-ABA7-46F4-9E0C-A93B1517CDBC}
	EndGlobalSection
EndGlobal
